
Microsoft Visual Studio Solution File, Format Version 12.00
# Visual Studio 14
VisualStudioVersion = 14.0.25123.0
MinimumVisualStudioVersion = 10.0.40219.1
Project("{FAE04EC0-301F-11D3-BF4B-00C04F79EFBC}") = "MakeScript", "MakeScript\MakeScript.csproj", "{06E06D2D-F3B4-4F4A-A8EB-E71005A70D28}"
EndProject
Project("{2150E333-8FDC-42A3-9474-1A3956D46DE8}") = "Solution Items", "Solution Items", "{81C57C0D-B04A-4C25-9070-369A29EC6485}"
	ProjectSection(SolutionItems) = preProject
		..\..\..\ExampleScript.mas = ..\..\..\ExampleScript.mas
	EndProjectSection
EndProject
Global
	GlobalSection(SolutionConfigurationPlatforms) = preSolution
		Debug|Any CPU = Debug|Any CPU
		Release|Any CPU = Release|Any CPU
	EndGlobalSection
	GlobalSection(ProjectConfigurationPlatforms) = postSolution
		{06E06D2D-F3B4-4F4A-A8EB-E71005A70D28}.Debug|Any CPU.ActiveCfg = Debug|Any CPU
		{06E06D2D-F3B4-4F4A-A8EB-E71005A70D28}.Debug|Any CPU.Build.0 = Debug|Any CPU
		{06E06D2D-F3B4-4F4A-A8EB-E71005A70D28}.Release|Any CPU.ActiveCfg = Release|Any CPU
		{06E06D2D-F3B4-4F4A-A8EB-E71005A70D28}.Release|Any CPU.Build.0 = Release|Any CPU
	EndGlobalSection
	GlobalSection(SolutionProperties) = preSolution
		HideSolutionNode = FALSE
	EndGlobalSection
EndGlobal
